
Microsoft Visual Studio Solution File, Format Version 12.00
# Visual Studio Version 17
VisualStudioVersion = 17.0.31903.59
MinimumVisualStudioVersion = 10.0.40219.1
Project("{2150E333-8FDC-42A3-9474-1A3956D46DE8}") = "src", "src", "{24BD239C-8E7E-4A7D-AB7D-B1240E00DD9D}"
EndProject
Project("{9A19103F-16F7-4668-BE54-9A1E7A4F7556}") = "TextAdventure.Core", "src\TextAdventure.Core\TextAdventure.Core.csproj", "{DA0ACC66-6619-42C8-B9A3-50833FBB939C}"
EndProject
Project("{9A19103F-16F7-4668-BE54-9A1E7A4F7556}") = "TextAdventure.Console", "src\TextAdventure.Console\TextAdventure.Console.csproj", "{4FA99A65-7861-48A7-AC68-1209DAA44754}"
EndProject
Project("{9A19103F-16F7-4668-BE54-9A1E7A4F7556}") = "TextAdventure.Api", "src\TextAdventure.Api\TextAdventure.Api.csproj", "{E1EB93A6-5BF3-42B6-B857-0E07259F5237}"
EndProject
Project("{2150E333-8FDC-42A3-9474-1A3956D46DE8}") = "test", "test", "{8B910BC3-8A0D-4C29-86CF-7648EDBE2845}"
EndProject
Project("{9A19103F-16F7-4668-BE54-9A1E7A4F7556}") = "TextAdventure.Api.Tests", "test\TextAdventure.Api.Tests\TextAdventure.Api.Tests.csproj", "{B73D2CF6-9456-424A-A2F9-0FEA042DE2F1}"
EndProject
Project("{9A19103F-16F7-4668-BE54-9A1E7A4F7556}") = "TextAdventure.Console.Tests", "test\TextAdventure.Console.Tests\TextAdventure.Console.Tests.csproj", "{22550D36-5E0C-47E9-80CB-35C138FDD1DF}"
EndProject
Project("{9A19103F-16F7-4668-BE54-9A1E7A4F7556}") = "TextAdventure.Core.Tests", "test\TextAdventure.Core.Tests\TextAdventure.Core.Tests.csproj", "{C39E1460-E82E-4866-8D47-EB29ACEFC440}"
EndProject
Project("{9A19103F-16F7-4668-BE54-9A1E7A4F7556}") = "TextAdventure.Repository.Tests", "test\TextAdventure.Repository.Tests\TextAdventure.Repository.Tests.csproj", "{DCF6A02E-F778-427A-8984-5A495D31616F}"
EndProject
Project("{9A19103F-16F7-4668-BE54-9A1E7A4F7556}") = "TextAdventure.Infrastructure", "src\TextAdventure.Infrastructure\TextAdventure.Infrastructure.csproj", "{5C48C3F3-9615-4C45-8C2C-05C6EF2FEFDE}"
EndProject
Project("{2150E333-8FDC-42A3-9474-1A3956D46DE8}") = "Elementos de la solución", "Elementos de la solución", "{01E897B4-AFB9-4945-B1B1-0AEEC5168767}"
	ProjectSection(SolutionItems) = preProject
		README.md = README.md
	EndProjectSection
EndProject
Global
	GlobalSection(SolutionConfigurationPlatforms) = preSolution
		Debug|Any CPU = Debug|Any CPU
		Release|Any CPU = Release|Any CPU
	EndGlobalSection
	GlobalSection(ProjectConfigurationPlatforms) = postSolution
		{DA0ACC66-6619-42C8-B9A3-50833FBB939C}.Debug|Any CPU.ActiveCfg = Debug|Any CPU
		{DA0ACC66-6619-42C8-B9A3-50833FBB939C}.Debug|Any CPU.Build.0 = Debug|Any CPU
		{DA0ACC66-6619-42C8-B9A3-50833FBB939C}.Release|Any CPU.ActiveCfg = Release|Any CPU
		{DA0ACC66-6619-42C8-B9A3-50833FBB939C}.Release|Any CPU.Build.0 = Release|Any CPU
		{4FA99A65-7861-48A7-AC68-1209DAA44754}.Debug|Any CPU.ActiveCfg = Debug|Any CPU
		{4FA99A65-7861-48A7-AC68-1209DAA44754}.Debug|Any CPU.Build.0 = Debug|Any CPU
		{4FA99A65-7861-48A7-AC68-1209DAA44754}.Release|Any CPU.ActiveCfg = Release|Any CPU
		{4FA99A65-7861-48A7-AC68-1209DAA44754}.Release|Any CPU.Build.0 = Release|Any CPU
		{E1EB93A6-5BF3-42B6-B857-0E07259F5237}.Debug|Any CPU.ActiveCfg = Debug|Any CPU
		{E1EB93A6-5BF3-42B6-B857-0E07259F5237}.Debug|Any CPU.Build.0 = Debug|Any CPU
		{E1EB93A6-5BF3-42B6-B857-0E07259F5237}.Release|Any CPU.ActiveCfg = Release|Any CPU
		{E1EB93A6-5BF3-42B6-B857-0E07259F5237}.Release|Any CPU.Build.0 = Release|Any CPU
		{B73D2CF6-9456-424A-A2F9-0FEA042DE2F1}.Debug|Any CPU.ActiveCfg = Debug|Any CPU
		{B73D2CF6-9456-424A-A2F9-0FEA042DE2F1}.Debug|Any CPU.Build.0 = Debug|Any CPU
		{B73D2CF6-9456-424A-A2F9-0FEA042DE2F1}.Release|Any CPU.ActiveCfg = Release|Any CPU
		{B73D2CF6-9456-424A-A2F9-0FEA042DE2F1}.Release|Any CPU.Build.0 = Release|Any CPU
		{22550D36-5E0C-47E9-80CB-35C138FDD1DF}.Debug|Any CPU.ActiveCfg = Debug|Any CPU
		{22550D36-5E0C-47E9-80CB-35C138FDD1DF}.Debug|Any CPU.Build.0 = Debug|Any CPU
		{22550D36-5E0C-47E9-80CB-35C138FDD1DF}.Release|Any CPU.ActiveCfg = Release|Any CPU
		{22550D36-5E0C-47E9-80CB-35C138FDD1DF}.Release|Any CPU.Build.0 = Release|Any CPU
		{C39E1460-E82E-4866-8D47-EB29ACEFC440}.Debug|Any CPU.ActiveCfg = Debug|Any CPU
		{C39E1460-E82E-4866-8D47-EB29ACEFC440}.Debug|Any CPU.Build.0 = Debug|Any CPU
		{C39E1460-E82E-4866-8D47-EB29ACEFC440}.Release|Any CPU.ActiveCfg = Release|Any CPU
		{C39E1460-E82E-4866-8D47-EB29ACEFC440}.Release|Any CPU.Build.0 = Release|Any CPU
		{DCF6A02E-F778-427A-8984-5A495D31616F}.Debug|Any CPU.ActiveCfg = Debug|Any CPU
		{DCF6A02E-F778-427A-8984-5A495D31616F}.Debug|Any CPU.Build.0 = Debug|Any CPU
		{DCF6A02E-F778-427A-8984-5A495D31616F}.Release|Any CPU.ActiveCfg = Release|Any CPU
		{DCF6A02E-F778-427A-8984-5A495D31616F}.Release|Any CPU.Build.0 = Release|Any CPU
		{5C48C3F3-9615-4C45-8C2C-05C6EF2FEFDE}.Debug|Any CPU.ActiveCfg = Debug|Any CPU
		{5C48C3F3-9615-4C45-8C2C-05C6EF2FEFDE}.Debug|Any CPU.Build.0 = Debug|Any CPU
		{5C48C3F3-9615-4C45-8C2C-05C6EF2FEFDE}.Release|Any CPU.ActiveCfg = Release|Any CPU
		{5C48C3F3-9615-4C45-8C2C-05C6EF2FEFDE}.Release|Any CPU.Build.0 = Release|Any CPU
	EndGlobalSection
	GlobalSection(SolutionProperties) = preSolution
		HideSolutionNode = FALSE
	EndGlobalSection
	GlobalSection(NestedProjects) = preSolution
		{DA0ACC66-6619-42C8-B9A3-50833FBB939C} = {24BD239C-8E7E-4A7D-AB7D-B1240E00DD9D}
		{4FA99A65-7861-48A7-AC68-1209DAA44754} = {24BD239C-8E7E-4A7D-AB7D-B1240E00DD9D}
		{E1EB93A6-5BF3-42B6-B857-0E07259F5237} = {24BD239C-8E7E-4A7D-AB7D-B1240E00DD9D}
		{B73D2CF6-9456-424A-A2F9-0FEA042DE2F1} = {8B910BC3-8A0D-4C29-86CF-7648EDBE2845}
		{22550D36-5E0C-47E9-80CB-35C138FDD1DF} = {8B910BC3-8A0D-4C29-86CF-7648EDBE2845}
		{C39E1460-E82E-4866-8D47-EB29ACEFC440} = {8B910BC3-8A0D-4C29-86CF-7648EDBE2845}
		{DCF6A02E-F778-427A-8984-5A495D31616F} = {8B910BC3-8A0D-4C29-86CF-7648EDBE2845}
		{5C48C3F3-9615-4C45-8C2C-05C6EF2FEFDE} = {24BD239C-8E7E-4A7D-AB7D-B1240E00DD9D}
	EndGlobalSection
	GlobalSection(ExtensibilityGlobals) = postSolution
		SolutionGuid = {91E0F9D6-1235-430E-9AD9-725359E07C35}
	EndGlobalSection
EndGlobal
